dependencies:
- name: kubernetes-ingress
  repository: https://haproxytech.github.io/helm-charts
  version: 1.49.0
- name: redis
  repository: https://charts.bitnami.com/bitnami
  version: 20.13.4
- name: kafka
  repository: https://charts.bitnami.com/bitnami
  version: 31.5.0
- name: rabbitmq
  repository: https://charts.bitnami.com/bitnami
  version: 16.0.14
digest: sha256:5887b48aa6087e179ba565a827d77ac5fa4295cc4fc1b47a4b20a78f2576c772
generated: "2026-02-27T14:58:23.916399+01:00"
