dependencies:
- name: kubernetes-ingress
  repository: oci://ghcr.io/haproxytech/helm-charts
  version: 1.49.0
- name: redis
  repository: oci://registry-1.docker.io/bitnamicharts
  version: 20.13.4
- name: kafka
  repository: oci://registry-1.docker.io/bitnamicharts
  version: 31.5.0
- name: rabbitmq
  repository: oci://registry-1.docker.io/bitnamicharts
  version: 16.0.14
digest: sha256:c695be4d41909a79c7a4eb0c97e1288dabc65c7921b3342d48f7604962748063
generated: "2026-03-31T11:36:24.807939+02:00"
